
Microsoft Visual Studio Solution File, Format Version 12.00
# Visual Studio Version 17
VisualStudioVersion = 17.5.002.0
MinimumVisualStudioVersion = 10.0.40219.1
Project("{9A19103F-16F7-4668-BE54-9A1E7A4F7556}") = "TodoApi", "TodoApi.csproj", "{B03F5E05-F700-41AF-9554-C0ED2B409ADA}"
EndProject
Global
	GlobalSection(SolutionConfigurationPlatforms) = preSolution
		Debug|Any CPU = Debug|Any CPU
		Release|Any CPU = Release|Any CPU
	EndGlobalSection
	GlobalSection(ProjectConfigurationPlatforms) = postSolution
		{B03F5E05-F700-41AF-9554-C0ED2B409ADA}.Debug|Any CPU.ActiveCfg = Debug|Any CPU
		{B03F5E05-F700-41AF-9554-C0ED2B409ADA}.Debug|Any CPU.Build.0 = Debug|Any CPU
		{B03F5E05-F700-41AF-9554-C0ED2B409ADA}.Release|Any CPU.ActiveCfg = Release|Any CPU
		{B03F5E05-F700-41AF-9554-C0ED2B409ADA}.Release|Any CPU.Build.0 = Release|Any CPU
	EndGlobalSection
	GlobalSection(SolutionProperties) = preSolution
		HideSolutionNode = FALSE
	EndGlobalSection
	GlobalSection(ExtensibilityGlobals) = postSolution
		SolutionGuid = {05452543-7859-4FFC-94BB-3DB5A7F4D5B3}
	EndGlobalSection
EndGlobal
